// !$*UTF8*$!
{
	archiveVersion = 1;
	classes = {
	};
	objectVersion = 50;
	objects = {

/* Begin PBXBuildFile section */
		34979C7A2589FF1F00C5E465 /* AppDelegate.swift in Sources */ = {isa = PBXBuildFile; fileRef = 34979C792589FF1F00C5E465 /* AppDelegate.swift */; };
		34979C7C2589FF1F00C5E465 /* DocumentBrowserViewController.swift in Sources */ = {isa = PBXBuildFile; fileRef = 34979C7B2589FF1F00C5E465 /* DocumentBrowserViewController.swift */; };
		34979C7E2589FF1F00C5E465 /* DocumentViewController.swift in Sources */ = {isa = PBXBuildFile; fileRef = 34979C7D2589FF1F00C5E465 /* DocumentViewController.swift */; };
		34979C802589FF1F00C5E465 /* Document.swift in Sources */ = {isa = PBXBuildFile; fileRef = 34979C7F2589FF1F00C5E465 /* Document.swift */; };
		34979C832589FF1F00C5E465 /* Main.storyboard in Resources */ = {isa = PBXBuildFile; fileRef = 34979C812589FF1F00C5E465 /* Main.storyboard */; };
		34979C852589FF2100C5E465 /* Assets.xcassets in Resources */ = {isa = PBXBuildFile; fileRef = 34979C842589FF2100C5E465 /* Assets.xcassets */; };
		34979C882589FF2100C5E465 /* LaunchScreen.storyboard in Resources */ = {isa = PBXBuildFile; fileRef = 34979C862589FF2100C5E465 /* LaunchScreen.storyboard */; };
		34979C932589FF2100C5E465 /* DocumentAppSampleTests.swift in Sources */ = {isa = PBXBuildFile; fileRef = 34979C922589FF2100C5E465 /* DocumentAppSampleTests.swift */; };
		34979C9E2589FF2100C5E465 /* DocumentAppSampleUITests.swift in Sources */ = {isa = PBXBuildFile; fileRef = 34979C9D2589FF2100C5E465 /* DocumentAppSampleUITests.swift */; };
/* End PBXBuildFile section */

/* Begin PBXContainerItemProxy section */
		34979C8F2589FF2100C5E465 /* PBXContainerItemProxy */ = {
			isa = PBXContainerItemProxy;
			containerPortal = 34979C6E2589FF1F00C5E465 /* Project object */;
			proxyType = 1;
			remoteGlobalIDString = 34979C752589FF1F00C5E465;
			remoteInfo = DocumentAppSample;
		};
		34979C9A2589FF2100C5E465 /* PBXContainerItemProxy */ = {
			isa = PBXContainerItemProxy;
			containerPortal = 34979C6E2589FF1F00C5E465 /* Project object */;
			proxyType = 1;
			remoteGlobalIDString = 34979C752589FF1F00C5E465;
			remoteInfo = DocumentAppSample;
		};
/* End PBXContainerItemProxy section */

/* Begin PBXFileReference section */
		34979C762589FF1F00C5E465 /* DocumentAppSample.app */ = {isa = PBXFileReference; explicitFileType = wrapper.application; includeInIndex = 0; path = DocumentAppSample.app; sourceTree = BUILT_PRODUCTS_DIR; };
		34979C792589FF1F00C5E465 /* AppDelegate.swift */ = {isa = PBXFileReference; lastKnownFileType = sourcecode.swift; path = AppDelegate.swift; sourceTree = "<group>"; };
		34979C7B2589FF1F00C5E465 /* DocumentBrowserViewController.swift */ = {isa = PBXFileReference; lastKnownFileType = sourcecode.swift; path = DocumentBrowserViewController.swift; sourceTree = "<group>"; };
		34979C7D2589FF1F00C5E465 /* DocumentViewController.swift */ = {isa = PBXFileReference; lastKnownFileType = sourcecode.swift; path = DocumentViewController.swift; sourceTree = "<group>"; };
		34979C7F2589FF1F00C5E465 /* Document.swift */ = {isa = PBXFileReference; lastKnownFileType = sourcecode.swift; path = Document.swift; sourceTree = "<group>"; };
		34979C822589FF1F00C5E465 /* Base */ = {isa = PBXFileReference; lastKnownFileType = file.storyboard; name = Base; path = Base.lproj/Main.storyboard; sourceTree = "<group>"; };
		34979C842589FF2100C5E465 /* Assets.xcassets */ = {isa = PBXFileReference; lastKnownFileType = folder.assetcatalog; path = Assets.xcassets; sourceTree = "<group>"; };
		34979C872589FF2100C5E465 /* Base */ = {isa = PBXFileReference; lastKnownFileType = file.storyboard; name = Base; path = Base.lproj/LaunchScreen.storyboard; sourceTree = "<group>"; };
		34979C892589FF2100C5E465 /* Info.plist */ = {isa = PBXFileReference; lastKnownFileType = text.plist.xml; path = Info.plist; sourceTree = "<group>"; };
		34979C8E2589FF2100C5E465 /* DocumentAppSampleTests.xctest */ = {isa = PBXFileReference; explicitFileType = wrapper.cfbundle; includeInIndex = 0; path = DocumentAppSampleTests.xctest; sourceTree = BUILT_PRODUCTS_DIR; };
		34979C922589FF2100C5E465 /* DocumentAppSampleTests.swift */ = {isa = PBXFileReference; lastKnownFileType = sourcecode.swift; path = DocumentAppSampleTests.swift; sourceTree = "<group>"; };
		34979C942589FF2100C5E465 /* Info.plist */ = {isa = PBXFileReference; lastKnownFileType = text.plist.xml; path = Info.plist; sourceTree = "<group>"; };
		34979C992589FF2100C5E465 /* DocumentAppSampleUITests.xctest */ = {isa = PBXFileReference; explicitFileType = wrapper.cfbundle; includeInIndex = 0; path = DocumentAppSampleUITests.xctest; sourceTree = BUILT_PRODUCTS_DIR; };
		34979C9D2589FF2100C5E465 /* DocumentAppSampleUITests.swift */ = {isa = PBXFileReference; lastKnownFileType = sourcecode.swift; path = DocumentAppSampleUITests.swift; sourceTree = "<group>"; };
		34979C9F2589FF2100C5E465 /* Info.plist */ = {isa = PBXFileReference; lastKnownFileType = text.plist.xml; path = Info.plist; sourceTree = "<group>"; };
/* End PBXFileReference section */

/* Begin PBXFrameworksBuildPhase section */
		34979C732589FF1F00C5E465 /* Frameworks */ = {
			isa = PBXFrameworksBuildPhase;
			buildActionMask = 2147483647;
			files = (
			);
			runOnlyForDeploymentPostprocessing = 0;
		};
		34979C8B2589FF2100C5E465 /* Frameworks */ = {
			isa = PBXFrameworksBuildPhase;
			buildActionMask = 2147483647;
			files = (
			);
			runOnlyForDeploymentPostprocessing = 0;
		};
		34979C962589FF2100C5E465 /* Frameworks */ = {
			isa = PBXFrameworksBuildPhase;
			buildActionMask = 2147483647;
			files = (
			);
			runOnlyForDeploymentPostprocessing = 0;
		};
/* End PBXFrameworksBuildPhase section */

/* Begin PBXGroup section */
		34979C6D2589FF1F00C5E465 = {
			isa = PBXGroup;
			children = (
				34979C782589FF1F00C5E465 /* DocumentAppSample */,
				34979C912589FF2100C5E465 /* DocumentAppSampleTests */,
				34979C9C2589FF2100C5E465 /* DocumentAppSampleUITests */,
				34979C772589FF1F00C5E465 /* Products */,
			);
			sourceTree = "<group>";
		};
		34979C772589FF1F00C5E465 /* Products */ = {
			isa = PBXGroup;
			children = (
				34979C762589FF1F00C5E465 /* DocumentAppSample.app */,
				34979C8E2589FF2100C5E465 /* DocumentAppSampleTests.xctest */,
				34979C992589FF2100C5E465 /* DocumentAppSampleUITests.xctest */,
			);
			name = Products;
			sourceTree = "<group>";
		};
		34979C782589FF1F00C5E465 /* DocumentAppSample */ = {
			isa = PBXGroup;
			children = (
				34979C792589FF1F00C5E465 /* AppDelegate.swift */,
				34979C7B2589FF1F00C5E465 /* DocumentBrowserViewController.swift */,
				34979C7D2589FF1F00C5E465 /* DocumentViewController.swift */,
				34979C7F2589FF1F00C5E465 /* Document.swift */,
				34979C812589FF1F00C5E465 /* Main.storyboard */,
				34979C842589FF2100C5E465 /* Assets.xcassets */,
				34979C862589FF2100C5E465 /* LaunchScreen.storyboard */,
				34979C892589FF2100C5E465 /* Info.plist */,
			);
			path = DocumentAppSample;
			sourceTree = "<group>";
		};
		34979C912589FF2100C5E465 /* DocumentAppSampleTests */ = {
			isa = PBXGroup;
			children = (
				34979C922589FF2100C5E465 /* DocumentAppSampleTests.swift */,
				34979C942589FF2100C5E465 /* Info.plist */,
			);
			path = DocumentAppSampleTests;
			sourceTree = "<group>";
		};
		34979C9C2589FF2100C5E465 /* DocumentAppSampleUITests */ = {
			isa = PBXGroup;
			children = (
				34979C9D2589FF2100C5E465 /* DocumentAppSampleUITests.swift */,
				34979C9F2589FF2100C5E465 /* Info.plist */,
			);
			path = DocumentAppSampleUITests;
			sourceTree = "<group>";
		};
/* End PBXGroup section */

/* Begin PBXNativeTarget section */
		34979C752589FF1F00C5E465 /* DocumentAppSample */ = {
			isa = PBXNativeTarget;
			buildConfigurationList = 34979CA22589FF2100C5E465 /* Build configuration list for PBXNativeTarget "DocumentAppSample" */;
			buildPhases = (
				34979C722589FF1F00C5E465 /* Sources */,
				34979C732589FF1F00C5E465 /* Frameworks */,
				34979C742589FF1F00C5E465 /* Resources */,
			);
			buildRules = (
			);
			dependencies = (
			);
			name = DocumentAppSample;
			productName = DocumentAppSample;
			productReference = 34979C762589FF1F00C5E465 /* DocumentAppSample.app */;
			productType = "com.apple.product-type.application";
		};
		34979C8D2589FF2100C5E465 /* DocumentAppSampleTests */ = {
			isa = PBXNativeTarget;
			buildConfigurationList = 34979CA52589FF2100C5E465 /* Build configuration list for PBXNativeTarget "DocumentAppSampleTests" */;
			buildPhases = (
				34979C8A2589FF2100C5E465 /* Sources */,
				34979C8B2589FF2100C5E465 /* Frameworks */,
				34979C8C2589FF2100C5E465 /* Resources */,
			);
			buildRules = (
			);
			dependencies = (
				34979C902589FF2100C5E465 /* PBXTargetDependency */,
			);
			name = DocumentAppSampleTests;
			productName = DocumentAppSampleTests;
			productReference = 34979C8E2589FF2100C5E465 /* DocumentAppSampleTests.xctest */;
			productType = "com.apple.product-type.bundle.unit-test";
		};
		34979C982589FF2100C5E465 /* DocumentAppSampleUITests */ = {
			isa = PBXNativeTarget;
			buildConfigurationList = 34979CA82589FF2100C5E465 /* Build configuration list for PBXNativeTarget "DocumentAppSampleUITests" */;
			buildPhases = (
				34979C952589FF2100C5E465 /* Sources */,
				34979C962589FF2100C5E465 /* Frameworks */,
				34979C972589FF2100C5E465 /* Resources */,
			);
			buildRules = (
			);
			dependencies = (
				34979C9B2589FF2100C5E465 /* PBXTargetDependency */,
			);
			name = DocumentAppSampleUITests;
			productName = DocumentAppSampleUITests;
			productReference = 34979C992589FF2100C5E465 /* DocumentAppSampleUITests.xctest */;
			productType = "com.apple.product-type.bundle.ui-testing";
		};
/* End PBXNativeTarget section */

/* Begin PBXProject section */
		34979C6E2589FF1F00C5E465 /* Project object */ = {
			isa = PBXProject;
			attributes = {
				LastSwiftUpdateCheck = 1230;
				LastUpgradeCheck = 1230;
				TargetAttributes = {
					34979C752589FF1F00C5E465 = {
						CreatedOnToolsVersion = 12.3;
					};
					34979C8D2589FF2100C5E465 = {
						CreatedOnToolsVersion = 12.3;
						TestTargetID = 34979C752589FF1F00C5E465;
					};
					34979C982589FF2100C5E465 = {
						CreatedOnToolsVersion = 12.3;
						TestTargetID = 34979C752589FF1F00C5E465;
					};
				};
			};
			buildConfigurationList = 34979C712589FF1F00C5E465 /* Build configuration list for PBXProject "DocumentAppSample" */;
			compatibilityVersion = "Xcode 9.3";
			developmentRegion = en;
			hasScannedForEncodings = 0;
			knownRegions = (
				en,
				Base,
			);
			mainGroup = 34979C6D2589FF1F00C5E465;
			productRefGroup = 34979C772589FF1F00C5E465 /* Products */;
			projectDirPath = "";
			projectRoot = "";
			targets = (
				34979C752589FF1F00C5E465 /* DocumentAppSample */,
				34979C8D2589FF2100C5E465 /* DocumentAppSampleTests */,
				34979C982589FF2100C5E465 /* DocumentAppSampleUITests */,
			);
		};
/* End PBXProject section */

/* Begin PBXResourcesBuildPhase section */
		34979C742589FF1F00C5E465 /* Resources */ = {
			isa = PBXResourcesBuildPhase;
			buildActionMask = 2147483647;
			files = (
				34979C882589FF2100C5E465 /* LaunchScreen.storyboard in Resources */,
				34979C852589FF2100C5E465 /* Assets.xcassets in Resources */,
				34979C832589FF1F00C5E465 /* Main.storyboard in Resources */,
			);
			runOnlyForDeploymentPostprocessing = 0;
		};
		34979C8C2589FF2100C5E465 /* Resources */ = {
			isa = PBXResourcesBuildPhase;
			buildActionMask = 2147483647;
			files = (
			);
			runOnlyForDeploymentPostprocessing = 0;
		};
		34979C972589FF2100C5E465 /* Resources */ = {
			isa = PBXResourcesBuildPhase;
			buildActionMask = 2147483647;
			files = (
			);
			runOnlyForDeploymentPostprocessing = 0;
		};
/* End PBXResourcesBuildPhase section */

/* Begin PBXSourcesBuildPhase section */
		34979C722589FF1F00C5E465 /* Sources */ = {
			isa = PBXSourcesBuildPhase;
			buildActionMask = 2147483647;
			files = (
				34979C802589FF1F00C5E465 /* Document.swift in Sources */,
				34979C7E2589FF1F00C5E465 /* DocumentViewController.swift in Sources */,
				34979C7C2589FF1F00C5E465 /* DocumentBrowserViewController.swift in Sources */,
				34979C7A2589FF1F00C5E465 /* AppDelegate.swift in Sources */,
			);
			runOnlyForDeploymentPostprocessing = 0;
		};
		34979C8A2589FF2100C5E465 /* Sources */ = {
			isa = PBXSourcesBuildPhase;
			buildActionMask = 2147483647;
			files = (
				34979C932589FF2100C5E465 /* DocumentAppSampleTests.swift in Sources */,
			);
			runOnlyForDeploymentPostprocessing = 0;
		};
		34979C952589FF2100C5E465 /* Sources */ = {
			isa = PBXSourcesBuildPhase;
			buildActionMask = 2147483647;
			files = (
				34979C9E2589FF2100C5E465 /* DocumentAppSampleUITests.swift in Sources */,
			);
			runOnlyForDeploymentPostprocessing = 0;
		};
/* End PBXSourcesBuildPhase section */

/* Begin PBXTargetDependency section */
		34979C902589FF2100C5E465 /* PBXTargetDependency */ = {
			isa = PBXTargetDependency;
			target = 34979C752589FF1F00C5E465 /* DocumentAppSample */;
			targetProxy = 34979C8F2589FF2100C5E465 /* PBXContainerItemProxy */;
		};
		34979C9B2589FF2100C5E465 /* PBXTargetDependency */ = {
			isa = PBXTargetDependency;
			target = 34979C752589FF1F00C5E465 /* DocumentAppSample */;
			targetProxy = 34979C9A2589FF2100C5E465 /* PBXContainerItemProxy */;
		};
/* End PBXTargetDependency section */

/* Begin PBXVariantGroup section */
		34979C812589FF1F00C5E465 /* Main.storyboard */ = {
			isa = PBXVariantGroup;
			children = (
				34979C822589FF1F00C5E465 /* Base */,
			);
			name = Main.storyboard;
			sourceTree = "<group>";
		};
		34979C862589FF2100C5E465 /* LaunchScreen.storyboard */ = {
			isa = PBXVariantGroup;
			children = (
				34979C872589FF2100C5E465 /* Base */,
			);
			name = LaunchScreen.storyboard;
			sourceTree = "<group>";
		};
/* End PBXVariantGroup section */

/* Begin XCBuildConfiguration section */
		34979CA02589FF2100C5E465 /* Debug */ = {
			isa = XCBuildConfiguration;
			buildSettings = {
				ALWAYS_SEARCH_USER_PATHS = NO;
				CLANG_ANALYZER_NONNULL = YES;
				CLANG_ANALYZER_NUMBER_OBJECT_CONVERSION = YES_AGGRESSIVE;
				CLANG_CXX_LANGUAGE_STANDARD = "gnu++14";
				CLANG_CXX_LIBRARY = "libc++";
				CLANG_ENABLE_MODULES = YES;
				CLANG_ENABLE_OBJC_ARC = YES;
				CLANG_ENABLE_OBJC_WEAK = YES;
				CLANG_WARN_BLOCK_CAPTURE_AUTORELEASING = YES;
				CLANG_WARN_BOOL_CONVERSION = YES;
				CLANG_WARN_COMMA = YES;
				CLANG_WARN_CONSTANT_CONVERSION = YES;
				CLANG_WARN_DEPRECATED_OBJC_IMPLEMENTATIONS = YES;
				CLANG_WARN_DIRECT_OBJC_ISA_USAGE = YES_ERROR;
				CLANG_WARN_DOCUMENTATION_COMMENTS = YES;
				CLANG_WARN_EMPTY_BODY = YES;
				CLANG_WARN_ENUM_CONVERSION = YES;
				CLANG_WARN_INFINITE_RECURSION = YES;
				CLANG_WARN_INT_CONVERSION = YES;
				CLANG_WARN_NON_LITERAL_NULL_CONVERSION = YES;
				CLANG_WARN_OBJC_IMPLICIT_RETAIN_SELF = YES;
				CLANG_WARN_OBJC_LITERAL_CONVERSION = YES;
				CLANG_WARN_OBJC_ROOT_CLASS = YES_ERROR;
				CLANG_WARN_QUOTED_INCLUDE_IN_FRAMEWORK_HEADER = YES;
				CLANG_WARN_RANGE_LOOP_ANALYSIS = YES;
				CLANG_WARN_STRICT_PROTOTYPES = YES;
				CLANG_WARN_SUSPICIOUS_MOVE = YES;
				CLANG_WARN_UNGUARDED_AVAILABILITY = YES_AGGRESSIVE;
				CLANG_WARN_UNREACHABLE_CODE = YES;
				CLANG_WARN__DUPLICATE_METHOD_MATCH = YES;
				COPY_PHASE_STRIP = NO;
				DEBUG_INFORMATION_FORMAT = dwarf;
				ENABLE_STRICT_OBJC_MSGSEND = YES;
				ENABLE_TESTABILITY = YES;
				GCC_C_LANGUAGE_STANDARD = gnu11;
				GCC_DYNAMIC_NO_PIC = NO;
				GCC_NO_COMMON_BLOCKS = YES;
				GCC_OPTIMIZATION_LEVEL = 0;
				GCC_PREPROCESSOR_DEFINITIONS = (
					"DEBUG=1",
					"$(inherited)",
				);
				GCC_WARN_64_TO_32_BIT_CONVERSION = YES;
				GCC_WARN_ABOUT_RETURN_TYPE = YES_ERROR;
				GCC_WARN_UNDECLARED_SELECTOR = YES;
				GCC_WARN_UNINITIALIZED_AUTOS = YES_AGGRESSIVE;
				GCC_WARN_UNUSED_FUNCTION = YES;
				GCC_WARN_UNUSED_VARIABLE = YES;
				IPHONEOS_DEPLOYMENT_TARGET = 14.3;
				MTL_ENABLE_DEBUG_INFO = INCLUDE_SOURCE;
				MTL_FAST_MATH = YES;
				ONLY_ACTIVE_ARCH = YES;
				SDKROOT = iphoneos;
				SWIFT_ACTIVE_COMPILATION_CONDITIONS = DEBUG;
				SWIFT_OPTIMIZATION_LEVEL = "-Onone";
			};
			name = Debug;
		};
		34979CA12589FF2100C5E465 /* Release */ = {
			isa = XCBuildConfiguration;
			buildSettings = {
				ALWAYS_SEARCH_USER_PATHS = NO;
				CLANG_ANALYZER_NONNULL = YES;
				CLANG_ANALYZER_NUMBER_OBJECT_CONVERSION = YES_AGGRESSIVE;
				CLANG_CXX_LANGUAGE_STANDARD = "gnu++14";
				CLANG_CXX_LIBRARY = "libc++";
				CLANG_ENABLE_MODULES = YES;
				CLANG_ENABLE_OBJC_ARC = YES;
				CLANG_ENABLE_OBJC_WEAK = YES;
				CLANG_WARN_BLOCK_CAPTURE_AUTORELEASING = YES;
				CLANG_WARN_BOOL_CONVERSION = YES;
				CLANG_WARN_COMMA = YES;
				CLANG_WARN_CONSTANT_CONVERSION = YES;
				CLANG_WARN_DEPRECATED_OBJC_IMPLEMENTATIONS = YES;
				CLANG_WARN_DIRECT_OBJC_ISA_USAGE = YES_ERROR;
				CLANG_WARN_DOCUMENTATION_COMMENTS = YES;
				CLANG_WARN_EMPTY_BODY = YES;
				CLANG_WARN_ENUM_CONVERSION = YES;
				CLANG_WARN_INFINITE_RECURSION = YES;
				CLANG_WARN_INT_CONVERSION = YES;
				CLANG_WARN_NON_LITERAL_NULL_CONVERSION = YES;
				CLANG_WARN_OBJC_IMPLICIT_RETAIN_SELF = YES;
				CLANG_WARN_OBJC_LITERAL_CONVERSION = YES;
				CLANG_WARN_OBJC_ROOT_CLASS = YES_ERROR;
				CLANG_WARN_QUOTED_INCLUDE_IN_FRAMEWORK_HEADER = YES;
				CLANG_WARN_RANGE_LOOP_ANALYSIS = YES;
				CLANG_WARN_STRICT_PROTOTYPES = YES;
				CLANG_WARN_SUSPICIOUS_MOVE = YES;
				CLANG_WARN_UNGUARDED_AVAILABILITY = YES_AGGRESSIVE;
				CLANG_WARN_UNREACHABLE_CODE = YES;
				CLANG_WARN__DUPLICATE_METHOD_MATCH = YES;
				COPY_PHASE_STRIP = NO;
				DEBUG_INFORMATION_FORMAT = "dwarf-with-dsym";
				ENABLE_NS_ASSERTIONS = NO;
				ENABLE_STRICT_OBJC_MSGSEND = YES;
				GCC_C_LANGUAGE_STANDARD = gnu11;
				GCC_NO_COMMON_BLOCKS = YES;
				GCC_WARN_64_TO_32_BIT_CONVERSION = YES;
				GCC_WARN_ABOUT_RETURN_TYPE = YES_ERROR;
				GCC_WARN_UNDECLARED_SELECTOR = YES;
				GCC_WARN_UNINITIALIZED_AUTOS = YES_AGGRESSIVE;
				GCC_WARN_UNUSED_FUNCTION = YES;
				GCC_WARN_UNUSED_VARIABLE = YES;
				IPHONEOS_DEPLOYMENT_TARGET = 14.3;
				MTL_ENABLE_DEBUG_INFO = NO;
				MTL_FAST_MATH = YES;
				SDKROOT = iphoneos;
				SWIFT_COMPILATION_MODE = wholemodule;
				SWIFT_OPTIMIZATION_LEVEL = "-O";
				VALIDATE_PRODUCT = YES;
			};
			name = Release;
		};
		34979CA32589FF2100C5E465 /* Debug */ = {
			isa = XCBuildConfiguration;
			buildSettings = {
				ASSETCATALOG_COMPILER_APPICON_NAME = AppIcon;
				ASSETCATALOG_COMPILER_GLOBAL_ACCENT_COLOR_NAME = AccentColor;
				CODE_SIGN_STYLE = Automatic;
				INFOPLIST_FILE = DocumentAppSample/Info.plist;
				LD_RUNPATH_SEARCH_PATHS = (
					"$(inherited)",
					"@executable_path/Frameworks",
				);
				PRODUCT_BUNDLE_IDENTIFIER = net.zakihaya.DocumentAppSample;
				PRODUCT_NAME = "$(TARGET_NAME)";
				SWIFT_VERSION = 5.0;
				TARGETED_DEVICE_FAMILY = "1,2";
			};
			name = Debug;
		};
		34979CA42589FF2100C5E465 /* Release */ = {
			isa = XCBuildConfiguration;
			buildSettings = {
				ASSETCATALOG_COMPILER_APPICON_NAME = AppIcon;
				ASSETCATALOG_COMPILER_GLOBAL_ACCENT_COLOR_NAME = AccentColor;
				CODE_SIGN_STYLE = Automatic;
				INFOPLIST_FILE = DocumentAppSample/Info.plist;
				LD_RUNPATH_SEARCH_PATHS = (
					"$(inherited)",
					"@executable_path/Frameworks",
				);
				PRODUCT_BUNDLE_IDENTIFIER = net.zakihaya.DocumentAppSample;
				PRODUCT_NAME = "$(TARGET_NAME)";
				SWIFT_VERSION = 5.0;
				TARGETED_DEVICE_FAMILY = "1,2";
			};
			name = Release;
		};
		34979CA62589FF2100C5E465 /* Debug */ = {
			isa = XCBuildConfiguration;
			buildSettings = {
				ALWAYS_EMBED_SWIFT_STANDARD_LIBRARIES = YES;
				BUNDLE_LOADER = "$(TEST_HOST)";
				CODE_SIGN_STYLE = Automatic;
				INFOPLIST_FILE = DocumentAppSampleTests/Info.plist;
				IPHONEOS_DEPLOYMENT_TARGET = 14.3;
				LD_RUNPATH_SEARCH_PATHS = (
					"$(inherited)",
					"@executable_path/Frameworks",
					"@loader_path/Frameworks",
				);
				PRODUCT_BUNDLE_IDENTIFIER = net.zakihaya.DocumentAppSampleTests;
				PRODUCT_NAME = "$(TARGET_NAME)";
				SWIFT_VERSION = 5.0;
				TARGETED_DEVICE_FAMILY = "1,2";
				TEST_HOST = "$(BUILT_PRODUCTS_DIR)/DocumentAppSample.app/DocumentAppSample";
			};
			name = Debug;
		};
		34979CA72589FF2100C5E465 /* Release */ = {
			isa = XCBuildConfiguration;
			buildSettings = {
				ALWAYS_EMBED_SWIFT_STANDARD_LIBRARIES = YES;
				BUNDLE_LOADER = "$(TEST_HOST)";
				CODE_SIGN_STYLE = Automatic;
				INFOPLIST_FILE = DocumentAppSampleTests/Info.plist;
				IPHONEOS_DEPLOYMENT_TARGET = 14.3;
				LD_RUNPATH_SEARCH_PATHS = (
					"$(inherited)",
					"@executable_path/Frameworks",
					"@loader_path/Frameworks",
				);
				PRODUCT_BUNDLE_IDENTIFIER = net.zakihaya.DocumentAppSampleTests;
				PRODUCT_NAME = "$(TARGET_NAME)";
				SWIFT_VERSION = 5.0;
				TARGETED_DEVICE_FAMILY = "1,2";
				TEST_HOST = "$(BUILT_PRODUCTS_DIR)/DocumentAppSample.app/DocumentAppSample";
			};
			name = Release;
		};
		34979CA92589FF2100C5E465 /* Debug */ = {
			isa = XCBuildConfiguration;
			buildSettings = {
				ALWAYS_EMBED_SWIFT_STANDARD_LIBRARIES = YES;
				CODE_SIGN_STYLE = Automatic;
				INFOPLIST_FILE = DocumentAppSampleUITests/Info.plist;
				LD_RUNPATH_SEARCH_PATHS = (
					"$(inherited)",
					"@executable_path/Frameworks",
					"@loader_path/Frameworks",
				);
				PRODUCT_BUNDLE_IDENTIFIER = net.zakihaya.DocumentAppSampleUITests;
				PRODUCT_NAME = "$(TARGET_NAME)";
				SWIFT_VERSION = 5.0;
				TARGETED_DEVICE_FAMILY = "1,2";
				TEST_TARGET_NAME = DocumentAppSample;
			};
			name = Debug;
		};
		34979CAA2589FF2100C5E465 /* Release */ = {
			isa = XCBuildConfiguration;
			buildSettings = {
				ALWAYS_EMBED_SWIFT_STANDARD_LIBRARIES = YES;
				CODE_SIGN_STYLE = Automatic;
				INFOPLIST_FILE = DocumentAppSampleUITests/Info.plist;
				LD_RUNPATH_SEARCH_PATHS = (
					"$(inherited)",
					"@executable_path/Frameworks",
					"@loader_path/Frameworks",
				);
				PRODUCT_BUNDLE_IDENTIFIER = net.zakihaya.DocumentAppSampleUITests;
				PRODUCT_NAME = "$(TARGET_NAME)";
				SWIFT_VERSION = 5.0;
				TARGETED_DEVICE_FAMILY = "1,2";
				TEST_TARGET_NAME = DocumentAppSample;
			};
			name = Release;
		};
/* End XCBuildConfiguration section */

/* Begin XCConfigurationList section */
		34979C712589FF1F00C5E465 /* Build configuration list for PBXProject "DocumentAppSample" */ = {
			isa = XCConfigurationList;
			buildConfigurations = (
				34979CA02589FF2100C5E465 /* Debug */,
				34979CA12589FF2100C5E465 /* Release */,
			);
			defaultConfigurationIsVisible = 0;
			defaultConfigurationName = Release;
		};
		34979CA22589FF2100C5E465 /* Build configuration list for PBXNativeTarget "DocumentAppSample" */ = {
			isa = XCConfigurationList;
			buildConfigurations = (
				34979CA32589FF2100C5E465 /* Debug */,
				34979CA42589FF2100C5E465 /* Release */,
			);
			defaultConfigurationIsVisible = 0;
			defaultConfigurationName = Release;
		};
		34979CA52589FF2100C5E465 /* Build configuration list for PBXNativeTarget "DocumentAppSampleTests" */ = {
			isa = XCConfigurationList;
			buildConfigurations = (
				34979CA62589FF2100C5E465 /* Debug */,
				34979CA72589FF2100C5E465 /* Release */,
			);
			defaultConfigurationIsVisible = 0;
			defaultConfigurationName = Release;
		};
		34979CA82589FF2100C5E465 /* Build configuration list for PBXNativeTarget "DocumentAppSampleUITests" */ = {
			isa = XCConfigurationList;
			buildConfigurations = (
				34979CA92589FF2100C5E465 /* Debug */,
				34979CAA2589FF2100C5E465 /* Release */,
			);
			defaultConfigurationIsVisible = 0;
			defaultConfigurationName = Release;
		};
/* End XCConfigurationList section */
	};
	rootObject = 34979C6E2589FF1F00C5E465 /* Project object */;
}
